
Microsoft Visual Studio Solution File, Format Version 12.00
# Visual Studio 15
VisualStudioVersion = 15.0.27428.2037
MinimumVisualStudioVersion = 10.0.40219.1
Project("{FAE04EC0-301F-11D3-BF4B-00C04F79EFBC}") = "Password", "Password\Password.csproj", "{414B4C02-B449-4164-B7D5-48F2A0ACC667}"
EndProject
Global
	GlobalSection(SolutionConfigurationPlatforms) = preSolution
		Debug|Any CPU = Debug|Any CPU
		Release|Any CPU = Release|Any CPU
	EndGlobalSection
	GlobalSection(ProjectConfigurationPlatforms) = postSolution
		{414B4C02-B449-4164-B7D5-48F2A0ACC667}.Debug|Any CPU.ActiveCfg = Debug|Any CPU
		{414B4C02-B449-4164-B7D5-48F2A0ACC667}.Debug|Any CPU.Build.0 = Debug|Any CPU
		{414B4C02-B449-4164-B7D5-48F2A0ACC667}.Release|Any CPU.ActiveCfg = Release|Any CPU
		{414B4C02-B449-4164-B7D5-48F2A0ACC667}.Release|Any CPU.Build.0 = Release|Any CPU
	EndGlobalSection
	GlobalSection(SolutionProperties) = preSolution
		HideSolutionNode = FALSE
	EndGlobalSection
	GlobalSection(ExtensibilityGlobals) = postSolution
		SolutionGuid = {B1673F8F-1BE5-4AD1-BBC1-A30C9571A6FB}
	EndGlobalSection
EndGlobal
